// !$*UTF8*$!
{
	archiveVersion = 1;
	classes = {
	};
	objectVersion = 50;
	objects = {

/* Begin PBXBuildFile section */
		68127F2A221CC05000FBBB9C /* MovieTableViewCell.swift in Sources */ = {isa = PBXBuildFile; fileRef = 68127F28221CC05000FBBB9C /* MovieTableViewCell.swift */; };
		68127F2B221CC05000FBBB9C /* MovieTableViewCell.xib in Resources */ = {isa = PBXBuildFile; fileRef = 68127F29221CC05000FBBB9C /* MovieTableViewCell.xib */; };
		6815AFFA22356CE600336D63 /* SearchMovie.swift in Sources */ = {isa = PBXBuildFile; fileRef = 6815AFF922356CE600336D63 /* SearchMovie.swift */; };
		6815AFFE22359EAF00336D63 /* SearchMovieTableViewCell.swift in Sources */ = {isa = PBXBuildFile; fileRef = 6815AFFC22359EAF00336D63 /* SearchMovieTableViewCell.swift */; };
		6815AFFF22359EAF00336D63 /* SearchMovieTableViewCell.xib in Resources */ = {isa = PBXBuildFile; fileRef = 6815AFFD22359EAF00336D63 /* SearchMovieTableViewCell.xib */; };
		6815B0072235D21600336D63 /* MovieListTableViewController.xib in Resources */ = {isa = PBXBuildFile; fileRef = 6815B0052235D21600336D63 /* MovieListTableViewController.xib */; };
		6815B0082235D21600336D63 /* MovieListTableViewController.swift in Sources */ = {isa = PBXBuildFile; fileRef = 6815B0062235D21600336D63 /* MovieListTableViewController.swift */; };
		68238ADC222F233E00524FDC /* MovieSearchViewController.swift in Sources */ = {isa = PBXBuildFile; fileRef = 68238ADA222F233E00524FDC /* MovieSearchViewController.swift */; };
		68238ADD222F233E00524FDC /* MovieSearchViewController.xib in Resources */ = {isa = PBXBuildFile; fileRef = 68238ADB222F233E00524FDC /* MovieSearchViewController.xib */; };
		682DEB032223021300277E10 /* MovieDetailViewController.swift in Sources */ = {isa = PBXBuildFile; fileRef = 682DEB012223021300277E10 /* MovieDetailViewController.swift */; };
		682DEB042223021300277E10 /* MovieDetailViewController.xib in Resources */ = {isa = PBXBuildFile; fileRef = 682DEB022223021300277E10 /* MovieDetailViewController.xib */; };
		682DEB082224A67900277E10 /* TabBarViewController.swift in Sources */ = {isa = PBXBuildFile; fileRef = 682DEB072224A67900277E10 /* TabBarViewController.swift */; };
		68C101942214CCB8004B1880 /* AppDelegate.swift in Sources */ = {isa = PBXBuildFile; fileRef = 68C101932214CCB8004B1880 /* AppDelegate.swift */; };
		68C1019B2214CCBA004B1880 /* Assets.xcassets in Resources */ = {isa = PBXBuildFile; fileRef = 68C1019A2214CCBA004B1880 /* Assets.xcassets */; };
		68C1019E2214CCBA004B1880 /* LaunchScreen.storyboard in Resources */ = {isa = PBXBuildFile; fileRef = 68C1019C2214CCBA004B1880 /* LaunchScreen.storyboard */; };
		68C101A72214CCE3004B1880 /* NetworkManager.swift in Sources */ = {isa = PBXBuildFile; fileRef = 68C101A62214CCE3004B1880 /* NetworkManager.swift */; };
		68C101A92214D02A004B1880 /* Configurations.swift in Sources */ = {isa = PBXBuildFile; fileRef = 68C101A82214D02A004B1880 /* Configurations.swift */; };
		68C101AC2214DF0C004B1880 /* NowPlaying.swift in Sources */ = {isa = PBXBuildFile; fileRef = 68C101AB2214DF0C004B1880 /* NowPlaying.swift */; };
		68C101AE2214E0B2004B1880 /* MovieObject.swift in Sources */ = {isa = PBXBuildFile; fileRef = 68C101AD2214E0B2004B1880 /* MovieObject.swift */; };
/* End PBXBuildFile section */

/* Begin PBXFileReference section */
		68127F28221CC05000FBBB9C /* MovieTableViewCell.swift */ = {isa = PBXFileReference; lastKnownFileType = sourcecode.swift; path = MovieTableViewCell.swift; sourceTree = "<group>"; };
		68127F29221CC05000FBBB9C /* MovieTableViewCell.xib */ = {isa = PBXFileReference; lastKnownFileType = file.xib; path = MovieTableViewCell.xib; sourceTree = "<group>"; };
		6815AFF922356CE600336D63 /* SearchMovie.swift */ = {isa = PBXFileReference; lastKnownFileType = sourcecode.swift; path = SearchMovie.swift; sourceTree = "<group>"; };
		6815AFFC22359EAF00336D63 /* SearchMovieTableViewCell.swift */ = {isa = PBXFileReference; lastKnownFileType = sourcecode.swift; path = SearchMovieTableViewCell.swift; sourceTree = "<group>"; };
		6815AFFD22359EAF00336D63 /* SearchMovieTableViewCell.xib */ = {isa = PBXFileReference; lastKnownFileType = file.xib; path = SearchMovieTableViewCell.xib; sourceTree = "<group>"; };
		6815B0052235D21600336D63 /* MovieListTableViewController.xib */ = {isa = PBXFileReference; fileEncoding = 4; lastKnownFileType = file.xib; path = MovieListTableViewController.xib; sourceTree = "<group>"; };
		6815B0062235D21600336D63 /* MovieListTableViewController.swift */ = {isa = PBXFileReference; fileEncoding = 4; lastKnownFileType = sourcecode.swift; path = MovieListTableViewController.swift; sourceTree = "<group>"; };
		68238ADA222F233E00524FDC /* MovieSearchViewController.swift */ = {isa = PBXFileReference; lastKnownFileType = sourcecode.swift; path = MovieSearchViewController.swift; sourceTree = "<group>"; };
		68238ADB222F233E00524FDC /* MovieSearchViewController.xib */ = {isa = PBXFileReference; lastKnownFileType = file.xib; path = MovieSearchViewController.xib; sourceTree = "<group>"; };
		682DEB012223021300277E10 /* MovieDetailViewController.swift */ = {isa = PBXFileReference; lastKnownFileType = sourcecode.swift; path = MovieDetailViewController.swift; sourceTree = "<group>"; };
		682DEB022223021300277E10 /* MovieDetailViewController.xib */ = {isa = PBXFileReference; lastKnownFileType = file.xib; path = MovieDetailViewController.xib; sourceTree = "<group>"; };
		682DEB072224A67900277E10 /* TabBarViewController.swift */ = {isa = PBXFileReference; lastKnownFileType = sourcecode.swift; path = TabBarViewController.swift; sourceTree = "<group>"; };
		68C101902214CCB8004B1880 /* ReelBox.app */ = {isa = PBXFileReference; explicitFileType = wrapper.application; includeInIndex = 0; path = ReelBox.app; sourceTree = BUILT_PRODUCTS_DIR; };
		68C101932214CCB8004B1880 /* AppDelegate.swift */ = {isa = PBXFileReference; lastKnownFileType = sourcecode.swift; path = AppDelegate.swift; sourceTree = "<group>"; };
		68C1019A2214CCBA004B1880 /* Assets.xcassets */ = {isa = PBXFileReference; lastKnownFileType = folder.assetcatalog; path = Assets.xcassets; sourceTree = "<group>"; };
		68C1019D2214CCBA004B1880 /* Base */ = {isa = PBXFileReference; lastKnownFileType = file.storyboard; name = Base; path = Base.lproj/LaunchScreen.storyboard; sourceTree = "<group>"; };
		68C1019F2214CCBA004B1880 /* Info.plist */ = {isa = PBXFileReference; lastKnownFileType = text.plist.xml; path = Info.plist; sourceTree = "<group>"; };
		68C101A62214CCE3004B1880 /* NetworkManager.swift */ = {isa = PBXFileReference; lastKnownFileType = sourcecode.swift; path = NetworkManager.swift; sourceTree = "<group>"; };
		68C101A82214D02A004B1880 /* Configurations.swift */ = {isa = PBXFileReference; lastKnownFileType = sourcecode.swift; path = Configurations.swift; sourceTree = "<group>"; };
		68C101AB2214DF0C004B1880 /* NowPlaying.swift */ = {isa = PBXFileReference; lastKnownFileType = sourcecode.swift; path = NowPlaying.swift; sourceTree = "<group>"; };
		68C101AD2214E0B2004B1880 /* MovieObject.swift */ = {isa = PBXFileReference; lastKnownFileType = sourcecode.swift; path = MovieObject.swift; sourceTree = "<group>"; };
/* End PBXFileReference section */

/* Begin PBXFrameworksBuildPhase section */
		68C1018D2214CCB8004B1880 /* Frameworks */ = {
			isa = PBXFrameworksBuildPhase;
			buildActionMask = 2147483647;
			files = (
			);
			runOnlyForDeploymentPostprocessing = 0;
		};
/* End PBXFrameworksBuildPhase section */

/* Begin PBXGroup section */
		6815AFFB22359E4A00336D63 /* SearchMovieTableViewCell */ = {
			isa = PBXGroup;
			children = (
				6815AFFC22359EAF00336D63 /* SearchMovieTableViewCell.swift */,
				6815AFFD22359EAF00336D63 /* SearchMovieTableViewCell.xib */,
			);
			path = SearchMovieTableViewCell;
			sourceTree = "<group>";
		};
		6815B00A2235D24000336D63 /* MovieList */ = {
			isa = PBXGroup;
			children = (
				6815B0062235D21600336D63 /* MovieListTableViewController.swift */,
				6815B0052235D21600336D63 /* MovieListTableViewController.xib */,
			);
			path = MovieList;
			sourceTree = "<group>";
		};
		681E2A43221B64DE003D6720 /* ViewControllers */ = {
			isa = PBXGroup;
			children = (
				6815B00A2235D24000336D63 /* MovieList */,
				682DEB062224A62C00277E10 /* TabBar */,
				682DEAFE2223013F00277E10 /* MovieDetail */,
				68238AD4222F21FF00524FDC /* MovieSearch */,
			);
			path = ViewControllers;
			sourceTree = "<group>";
		};
		681E2A4C221B684B003D6720 /* Views */ = {
			isa = PBXGroup;
			children = (
				6815AFFB22359E4A00336D63 /* SearchMovieTableViewCell */,
				681E2A4D221B6857003D6720 /* MovieTableViewCell */,
			);
			path = Views;
			sourceTree = "<group>";
		};
		681E2A4D221B6857003D6720 /* MovieTableViewCell */ = {
			isa = PBXGroup;
			children = (
				68127F28221CC05000FBBB9C /* MovieTableViewCell.swift */,
				68127F29221CC05000FBBB9C /* MovieTableViewCell.xib */,
			);
			path = MovieTableViewCell;
			sourceTree = "<group>";
		};
		68238AD4222F21FF00524FDC /* MovieSearch */ = {
			isa = PBXGroup;
			children = (
				68238ADA222F233E00524FDC /* MovieSearchViewController.swift */,
				68238ADB222F233E00524FDC /* MovieSearchViewController.xib */,
			);
			path = MovieSearch;
			sourceTree = "<group>";
		};
		682DEAFE2223013F00277E10 /* MovieDetail */ = {
			isa = PBXGroup;
			children = (
				682DEB012223021300277E10 /* MovieDetailViewController.swift */,
				682DEB022223021300277E10 /* MovieDetailViewController.xib */,
			);
			path = MovieDetail;
			sourceTree = "<group>";
		};
		682DEB062224A62C00277E10 /* TabBar */ = {
			isa = PBXGroup;
			children = (
				682DEB072224A67900277E10 /* TabBarViewController.swift */,
			);
			path = TabBar;
			sourceTree = "<group>";
		};
		6840638922171AC900DACF97 /* NowPlaying */ = {
			isa = PBXGroup;
			children = (
				68C101AB2214DF0C004B1880 /* NowPlaying.swift */,
			);
			path = NowPlaying;
			sourceTree = "<group>";
		};
		68C101872214CCB8004B1880 = {
			isa = PBXGroup;
			children = (
				68C101922214CCB8004B1880 /* ReelBox */,
				68C101912214CCB8004B1880 /* Products */,
			);
			sourceTree = "<group>";
		};
		68C101912214CCB8004B1880 /* Products */ = {
			isa = PBXGroup;
			children = (
				68C101902214CCB8004B1880 /* ReelBox.app */,
			);
			name = Products;
			sourceTree = "<group>";
		};
		68C101922214CCB8004B1880 /* ReelBox */ = {
			isa = PBXGroup;
			children = (
				68C101932214CCB8004B1880 /* AppDelegate.swift */,
				68C101AA2214DED2004B1880 /* Model */,
				68C101A52214CCCE004B1880 /* Services */,
				681E2A43221B64DE003D6720 /* ViewControllers */,
				681E2A4C221B684B003D6720 /* Views */,
				68C1019A2214CCBA004B1880 /* Assets.xcassets */,
				68C1019C2214CCBA004B1880 /* LaunchScreen.storyboard */,
				68C1019F2214CCBA004B1880 /* Info.plist */,
			);
			path = ReelBox;
			sourceTree = "<group>";
		};
		68C101A52214CCCE004B1880 /* Services */ = {
			isa = PBXGroup;
			children = (
				68C101A82214D02A004B1880 /* Configurations.swift */,
				68C101A62214CCE3004B1880 /* NetworkManager.swift */,
			);
			path = Services;
			sourceTree = "<group>";
		};
		68C101AA2214DED2004B1880 /* Model */ = {
			isa = PBXGroup;
			children = (
				6815AFF922356CE600336D63 /* SearchMovie.swift */,
				68C101AD2214E0B2004B1880 /* MovieObject.swift */,
				6840638922171AC900DACF97 /* NowPlaying */,
			);
			path = Model;
			sourceTree = "<group>";
		};
/* End PBXGroup section */

/* Begin PBXNativeTarget section */
		68C1018F2214CCB8004B1880 /* ReelBox */ = {
			isa = PBXNativeTarget;
			buildConfigurationList = 68C101A22214CCBA004B1880 /* Build configuration list for PBXNativeTarget "ReelBox" */;
			buildPhases = (
				68C1018C2214CCB8004B1880 /* Sources */,
				68C1018D2214CCB8004B1880 /* Frameworks */,
				68C1018E2214CCB8004B1880 /* Resources */,
			);
			buildRules = (
			);
			dependencies = (
			);
			name = ReelBox;
			productName = ReelBox;
			productReference = 68C101902214CCB8004B1880 /* ReelBox.app */;
			productType = "com.apple.product-type.application";
		};
/* End PBXNativeTarget section */

/* Begin PBXProject section */
		68C101882214CCB8004B1880 /* Project object */ = {
			isa = PBXProject;
			attributes = {
				LastSwiftUpdateCheck = 1010;
				LastUpgradeCheck = 1010;
				ORGANIZATIONNAME = "Tiago Valente";
				TargetAttributes = {
					68C1018F2214CCB8004B1880 = {
						CreatedOnToolsVersion = 10.1;
					};
				};
			};
			buildConfigurationList = 68C1018B2214CCB8004B1880 /* Build configuration list for PBXProject "ReelBox" */;
			compatibilityVersion = "Xcode 9.3";
			developmentRegion = en;
			hasScannedForEncodings = 0;
			knownRegions = (
				en,
				Base,
			);
			mainGroup = 68C101872214CCB8004B1880;
			productRefGroup = 68C101912214CCB8004B1880 /* Products */;
			projectDirPath = "";
			projectRoot = "";
			targets = (
				68C1018F2214CCB8004B1880 /* ReelBox */,
			);
		};
/* End PBXProject section */

/* Begin PBXResourcesBuildPhase section */
		68C1018E2214CCB8004B1880 /* Resources */ = {
			isa = PBXResourcesBuildPhase;
			buildActionMask = 2147483647;
			files = (
				6815B0072235D21600336D63 /* MovieListTableViewController.xib in Resources */,
				682DEB042223021300277E10 /* MovieDetailViewController.xib in Resources */,
				68C1019E2214CCBA004B1880 /* LaunchScreen.storyboard in Resources */,
				68127F2B221CC05000FBBB9C /* MovieTableViewCell.xib in Resources */,
				68C1019B2214CCBA004B1880 /* Assets.xcassets in Resources */,
				68238ADD222F233E00524FDC /* MovieSearchViewController.xib in Resources */,
				6815AFFF22359EAF00336D63 /* SearchMovieTableViewCell.xib in Resources */,
			);
			runOnlyForDeploymentPostprocessing = 0;
		};
/* End PBXResourcesBuildPhase section */

/* Begin PBXSourcesBuildPhase section */
		68C1018C2214CCB8004B1880 /* Sources */ = {
			isa = PBXSourcesBuildPhase;
			buildActionMask = 2147483647;
			files = (
				6815B0082235D21600336D63 /* MovieListTableViewController.swift in Sources */,
				6815AFFA22356CE600336D63 /* SearchMovie.swift in Sources */,
				68C101A72214CCE3004B1880 /* NetworkManager.swift in Sources */,
				68C101AC2214DF0C004B1880 /* NowPlaying.swift in Sources */,
				68127F2A221CC05000FBBB9C /* MovieTableViewCell.swift in Sources */,
				68238ADC222F233E00524FDC /* MovieSearchViewController.swift in Sources */,
				6815AFFE22359EAF00336D63 /* SearchMovieTableViewCell.swift in Sources */,
				68C101A92214D02A004B1880 /* Configurations.swift in Sources */,
				682DEB082224A67900277E10 /* TabBarViewController.swift in Sources */,
				682DEB032223021300277E10 /* MovieDetailViewController.swift in Sources */,
				68C101AE2214E0B2004B1880 /* MovieObject.swift in Sources */,
				68C101942214CCB8004B1880 /* AppDelegate.swift in Sources */,
			);
			runOnlyForDeploymentPostprocessing = 0;
		};
/* End PBXSourcesBuildPhase section */

/* Begin PBXVariantGroup section */
		68C1019C2214CCBA004B1880 /* LaunchScreen.storyboard */ = {
			isa = PBXVariantGroup;
			children = (
				68C1019D2214CCBA004B1880 /* Base */,
			);
			name = LaunchScreen.storyboard;
			sourceTree = "<group>";
		};
/* End PBXVariantGroup section */

/* Begin XCBuildConfiguration section */
		68C101A02214CCBA004B1880 /* Debug */ = {
			isa = XCBuildConfiguration;
			buildSettings = {
				ALWAYS_SEARCH_USER_PATHS = NO;
				CLANG_ANALYZER_NONNULL = YES;
				CLANG_ANALYZER_NUMBER_OBJECT_CONVERSION = YES_AGGRESSIVE;
				CLANG_CXX_LANGUAGE_STANDARD = "gnu++14";
				CLANG_CXX_LIBRARY = "libc++";
				CLANG_ENABLE_MODULES = YES;
				CLANG_ENABLE_OBJC_ARC = YES;
				CLANG_ENABLE_OBJC_WEAK = YES;
				CLANG_WARN_BLOCK_CAPTURE_AUTORELEASING = YES;
				CLANG_WARN_BOOL_CONVERSION = YES;
				CLANG_WARN_COMMA = YES;
				CLANG_WARN_CONSTANT_CONVERSION = YES;
				CLANG_WARN_DEPRECATED_OBJC_IMPLEMENTATIONS = YES;
				CLANG_WARN_DIRECT_OBJC_ISA_USAGE = YES_ERROR;
				CLANG_WARN_DOCUMENTATION_COMMENTS = YES;
				CLANG_WARN_EMPTY_BODY = YES;
				CLANG_WARN_ENUM_CONVERSION = YES;
				CLANG_WARN_INFINITE_RECURSION = YES;
				CLANG_WARN_INT_CONVERSION = YES;
				CLANG_WARN_NON_LITERAL_NULL_CONVERSION = YES;
				CLANG_WARN_OBJC_IMPLICIT_RETAIN_SELF = YES;
				CLANG_WARN_OBJC_LITERAL_CONVERSION = YES;
				CLANG_WARN_OBJC_ROOT_CLASS = YES_ERROR;
				CLANG_WARN_RANGE_LOOP_ANALYSIS = YES;
				CLANG_WARN_STRICT_PROTOTYPES = YES;
				CLANG_WARN_SUSPICIOUS_MOVE = YES;
				CLANG_WARN_UNGUARDED_AVAILABILITY = YES_AGGRESSIVE;
				CLANG_WARN_UNREACHABLE_CODE = YES;
				CLANG_WARN__DUPLICATE_METHOD_MATCH = YES;
				CODE_SIGN_IDENTITY = "iPhone Developer";
				COPY_PHASE_STRIP = NO;
				DEBUG_INFORMATION_FORMAT = dwarf;
				ENABLE_STRICT_OBJC_MSGSEND = YES;
				ENABLE_TESTABILITY = YES;
				GCC_C_LANGUAGE_STANDARD = gnu11;
				GCC_DYNAMIC_NO_PIC = NO;
				GCC_NO_COMMON_BLOCKS = YES;
				GCC_OPTIMIZATION_LEVEL = 0;
				GCC_PREPROCESSOR_DEFINITIONS = (
					"DEBUG=1",
					"$(inherited)",
				);
				GCC_WARN_64_TO_32_BIT_CONVERSION = YES;
				GCC_WARN_ABOUT_RETURN_TYPE = YES_ERROR;
				GCC_WARN_UNDECLARED_SELECTOR = YES;
				GCC_WARN_UNINITIALIZED_AUTOS = YES_AGGRESSIVE;
				GCC_WARN_UNUSED_FUNCTION = YES;
				GCC_WARN_UNUSED_VARIABLE = YES;
				IPHONEOS_DEPLOYMENT_TARGET = 12.1;
				MTL_ENABLE_DEBUG_INFO = INCLUDE_SOURCE;
				MTL_FAST_MATH = YES;
				ONLY_ACTIVE_ARCH = YES;
				SDKROOT = iphoneos;
				SWIFT_ACTIVE_COMPILATION_CONDITIONS = DEBUG;
				SWIFT_OPTIMIZATION_LEVEL = "-Onone";
			};
			name = Debug;
		};
		68C101A12214CCBA004B1880 /* Release */ = {
			isa = XCBuildConfiguration;
			buildSettings = {
				ALWAYS_SEARCH_USER_PATHS = NO;
				CLANG_ANALYZER_NONNULL = YES;
				CLANG_ANALYZER_NUMBER_OBJECT_CONVERSION = YES_AGGRESSIVE;
				CLANG_CXX_LANGUAGE_STANDARD = "gnu++14";
				CLANG_CXX_LIBRARY = "libc++";
				CLANG_ENABLE_MODULES = YES;
				CLANG_ENABLE_OBJC_ARC = YES;
				CLANG_ENABLE_OBJC_WEAK = YES;
				CLANG_WARN_BLOCK_CAPTURE_AUTORELEASING = YES;
				CLANG_WARN_BOOL_CONVERSION = YES;
				CLANG_WARN_COMMA = YES;
				CLANG_WARN_CONSTANT_CONVERSION = YES;
				CLANG_WARN_DEPRECATED_OBJC_IMPLEMENTATIONS = YES;
				CLANG_WARN_DIRECT_OBJC_ISA_USAGE = YES_ERROR;
				CLANG_WARN_DOCUMENTATION_COMMENTS = YES;
				CLANG_WARN_EMPTY_BODY = YES;
				CLANG_WARN_ENUM_CONVERSION = YES;
				CLANG_WARN_INFINITE_RECURSION = YES;
				CLANG_WARN_INT_CONVERSION = YES;
				CLANG_WARN_NON_LITERAL_NULL_CONVERSION = YES;
				CLANG_WARN_OBJC_IMPLICIT_RETAIN_SELF = YES;
				CLANG_WARN_OBJC_LITERAL_CONVERSION = YES;
				CLANG_WARN_OBJC_ROOT_CLASS = YES_ERROR;
				CLANG_WARN_RANGE_LOOP_ANALYSIS = YES;
				CLANG_WARN_STRICT_PROTOTYPES = YES;
				CLANG_WARN_SUSPICIOUS_MOVE = YES;
				CLANG_WARN_UNGUARDED_AVAILABILITY = YES_AGGRESSIVE;
				CLANG_WARN_UNREACHABLE_CODE = YES;
				CLANG_WARN__DUPLICATE_METHOD_MATCH = YES;
				CODE_SIGN_IDENTITY = "iPhone Developer";
				COPY_PHASE_STRIP = NO;
				DEBUG_INFORMATION_FORMAT = "dwarf-with-dsym";
				ENABLE_NS_ASSERTIONS = NO;
				ENABLE_STRICT_OBJC_MSGSEND = YES;
				GCC_C_LANGUAGE_STANDARD = gnu11;
				GCC_NO_COMMON_BLOCKS = YES;
				GCC_WARN_64_TO_32_BIT_CONVERSION = YES;
				GCC_WARN_ABOUT_RETURN_TYPE = YES_ERROR;
				GCC_WARN_UNDECLARED_SELECTOR = YES;
				GCC_WARN_UNINITIALIZED_AUTOS = YES_AGGRESSIVE;
				GCC_WARN_UNUSED_FUNCTION = YES;
				GCC_WARN_UNUSED_VARIABLE = YES;
				IPHONEOS_DEPLOYMENT_TARGET = 12.1;
				MTL_ENABLE_DEBUG_INFO = NO;
				MTL_FAST_MATH = YES;
				SDKROOT = iphoneos;
				SWIFT_COMPILATION_MODE = wholemodule;
				SWIFT_OPTIMIZATION_LEVEL = "-O";
				VALIDATE_PRODUCT = YES;
			};
			name = Release;
		};
		68C101A32214CCBA004B1880 /* Debug */ = {
			isa = XCBuildConfiguration;
			buildSettings = {
				ASSETCATALOG_COMPILER_APPICON_NAME = AppIcon;
				CODE_SIGN_STYLE = Automatic;
				DEVELOPMENT_TEAM = R6BRTDJL4H;
				INFOPLIST_FILE = ReelBox/Info.plist;
				LD_RUNPATH_SEARCH_PATHS = (
					"$(inherited)",
					"@executable_path/Frameworks",
				);
				PRODUCT_BUNDLE_IDENTIFIER = com.tiago.ReelBox;
				PRODUCT_NAME = "$(TARGET_NAME)";
				SWIFT_VERSION = 4.2;
				TARGETED_DEVICE_FAMILY = 1;
			};
			name = Debug;
		};
		68C101A42214CCBA004B1880 /* Release */ = {
			isa = XCBuildConfiguration;
			buildSettings = {
				ASSETCATALOG_COMPILER_APPICON_NAME = AppIcon;
				CODE_SIGN_STYLE = Automatic;
				DEVELOPMENT_TEAM = R6BRTDJL4H;
				INFOPLIST_FILE = ReelBox/Info.plist;
				LD_RUNPATH_SEARCH_PATHS = (
					"$(inherited)",
					"@executable_path/Frameworks",
				);
				PRODUCT_BUNDLE_IDENTIFIER = com.tiago.ReelBox;
				PRODUCT_NAME = "$(TARGET_NAME)";
				SWIFT_VERSION = 4.2;
				TARGETED_DEVICE_FAMILY = 1;
			};
			name = Release;
		};
/* End XCBuildConfiguration section */

/* Begin XCConfigurationList section */
		68C1018B2214CCB8004B1880 /* Build configuration list for PBXProject "ReelBox" */ = {
			isa = XCConfigurationList;
			buildConfigurations = (
				68C101A02214CCBA004B1880 /* Debug */,
				68C101A12214CCBA004B1880 /* Release */,
			);
			defaultConfigurationIsVisible = 0;
			defaultConfigurationName = Release;
		};
		68C101A22214CCBA004B1880 /* Build configuration list for PBXNativeTarget "ReelBox" */ = {
			isa = XCConfigurationList;
			buildConfigurations = (
				68C101A32214CCBA004B1880 /* Debug */,
				68C101A42214CCBA004B1880 /* Release */,
			);
			defaultConfigurationIsVisible = 0;
			defaultConfigurationName = Release;
		};
/* End XCConfigurationList section */
	};
	rootObject = 68C101882214CCB8004B1880 /* Project object */;
}
